
Microsoft Visual Studio Solution File, Format Version 12.00
# Visual Studio Version 16
VisualStudioVersion = 16.0.30523.141
MinimumVisualStudioVersion = 10.0.40219.1
Project("{9A19103F-16F7-4668-BE54-9A1E7A4F7556}") = "LUIS", "LUIS\LUIS.csproj", "{9437DF86-38D7-4A5C-8B71-475C20B29A7D}"
EndProject
Project("{9A19103F-16F7-4668-BE54-9A1E7A4F7556}") = "SpeechService", "Speech\SpeechService.csproj", "{4FDF2285-AB0E-441E-B382-6720EC4EB02B}"
EndProject
Project("{9A19103F-16F7-4668-BE54-9A1E7A4F7556}") = "TranslatorService", "Translator\TranslatorService.csproj", "{858C1DE3-E04E-4D2B-9150-65AF6105E93C}"
EndProject
Project("{9A19103F-16F7-4668-BE54-9A1E7A4F7556}") = "CustomVisionService", "CustomVisionService\CustomVisionService.csproj", "{3D2DD9E8-89B5-4422-AB0E-31649BABE6DD}"
EndProject
Project("{9A19103F-16F7-4668-BE54-9A1E7A4F7556}") = "VSSummit2020", "VSSummit2020\VSSummit2020.csproj", "{5B241BB5-8B14-4A39-AD76-4E87D54FC1CD}"
EndProject
Global
	GlobalSection(SolutionConfigurationPlatforms) = preSolution
		Debug|Any CPU = Debug|Any CPU
		Release|Any CPU = Release|Any CPU
	EndGlobalSection
	GlobalSection(ProjectConfigurationPlatforms) = postSolution
		{9437DF86-38D7-4A5C-8B71-475C20B29A7D}.Debug|Any CPU.ActiveCfg = Debug|Any CPU
		{9437DF86-38D7-4A5C-8B71-475C20B29A7D}.Debug|Any CPU.Build.0 = Debug|Any CPU
		{9437DF86-38D7-4A5C-8B71-475C20B29A7D}.Release|Any CPU.ActiveCfg = Release|Any CPU
		{9437DF86-38D7-4A5C-8B71-475C20B29A7D}.Release|Any CPU.Build.0 = Release|Any CPU
		{4FDF2285-AB0E-441E-B382-6720EC4EB02B}.Debug|Any CPU.ActiveCfg = Debug|Any CPU
		{4FDF2285-AB0E-441E-B382-6720EC4EB02B}.Debug|Any CPU.Build.0 = Debug|Any CPU
		{4FDF2285-AB0E-441E-B382-6720EC4EB02B}.Release|Any CPU.ActiveCfg = Release|Any CPU
		{4FDF2285-AB0E-441E-B382-6720EC4EB02B}.Release|Any CPU.Build.0 = Release|Any CPU
		{858C1DE3-E04E-4D2B-9150-65AF6105E93C}.Debug|Any CPU.ActiveCfg = Debug|Any CPU
		{858C1DE3-E04E-4D2B-9150-65AF6105E93C}.Debug|Any CPU.Build.0 = Debug|Any CPU
		{858C1DE3-E04E-4D2B-9150-65AF6105E93C}.Release|Any CPU.ActiveCfg = Release|Any CPU
		{858C1DE3-E04E-4D2B-9150-65AF6105E93C}.Release|Any CPU.Build.0 = Release|Any CPU
		{3D2DD9E8-89B5-4422-AB0E-31649BABE6DD}.Debug|Any CPU.ActiveCfg = Debug|Any CPU
		{3D2DD9E8-89B5-4422-AB0E-31649BABE6DD}.Debug|Any CPU.Build.0 = Debug|Any CPU
		{3D2DD9E8-89B5-4422-AB0E-31649BABE6DD}.Release|Any CPU.ActiveCfg = Release|Any CPU
		{3D2DD9E8-89B5-4422-AB0E-31649BABE6DD}.Release|Any CPU.Build.0 = Release|Any CPU
		{5B241BB5-8B14-4A39-AD76-4E87D54FC1CD}.Debug|Any CPU.ActiveCfg = Debug|Any CPU
		{5B241BB5-8B14-4A39-AD76-4E87D54FC1CD}.Debug|Any CPU.Build.0 = Debug|Any CPU
		{5B241BB5-8B14-4A39-AD76-4E87D54FC1CD}.Release|Any CPU.ActiveCfg = Release|Any CPU
		{5B241BB5-8B14-4A39-AD76-4E87D54FC1CD}.Release|Any CPU.Build.0 = Release|Any CPU
	EndGlobalSection
	GlobalSection(SolutionProperties) = preSolution
		HideSolutionNode = FALSE
	EndGlobalSection
	GlobalSection(ExtensibilityGlobals) = postSolution
		SolutionGuid = {FD527846-4FFD-4F69-BD2C-BCB2AE882BBF}
	EndGlobalSection
EndGlobal
